
Microsoft Visual Studio Solution File, Format Version 12.00
# Visual Studio Version 16
VisualStudioVersion = 16.0.31112.23
MinimumVisualStudioVersion = 10.0.40219.1
Project("{FAE04EC0-301F-11D3-BF4B-00C04F79EFBC}") = "TestUngDung", "TestUngDung\TestUngDung.csproj", "{C291DD64-F4D4-41AF-8CA8-09449209FBC0}"
EndProject
Project("{FAE04EC0-301F-11D3-BF4B-00C04F79EFBC}") = "ModelEF", "ModelEF\ModelEF.csproj", "{1FDC0014-A8EE-4BD9-8B0F-2A69967BF34C}"
EndProject
Global
	GlobalSection(SolutionConfigurationPlatforms) = preSolution
		Debug|Any CPU = Debug|Any CPU
		Release|Any CPU = Release|Any CPU
	EndGlobalSection
	GlobalSection(ProjectConfigurationPlatforms) = postSolution
		{C291DD64-F4D4-41AF-8CA8-09449209FBC0}.Debug|Any CPU.ActiveCfg = Debug|Any CPU
		{C291DD64-F4D4-41AF-8CA8-09449209FBC0}.Debug|Any CPU.Build.0 = Debug|Any CPU
		{C291DD64-F4D4-41AF-8CA8-09449209FBC0}.Release|Any CPU.ActiveCfg = Release|Any CPU
		{C291DD64-F4D4-41AF-8CA8-09449209FBC0}.Release|Any CPU.Build.0 = Release|Any CPU
		{1FDC0014-A8EE-4BD9-8B0F-2A69967BF34C}.Debug|Any CPU.ActiveCfg = Debug|Any CPU
		{1FDC0014-A8EE-4BD9-8B0F-2A69967BF34C}.Debug|Any CPU.Build.0 = Debug|Any CPU
		{1FDC0014-A8EE-4BD9-8B0F-2A69967BF34C}.Release|Any CPU.ActiveCfg = Release|Any CPU
		{1FDC0014-A8EE-4BD9-8B0F-2A69967BF34C}.Release|Any CPU.Build.0 = Release|Any CPU
	EndGlobalSection
	GlobalSection(SolutionProperties) = preSolution
		HideSolutionNode = FALSE
	EndGlobalSection
	GlobalSection(ExtensibilityGlobals) = postSolution
		SolutionGuid = {7B8CC07B-1428-46CD-BD26-CB3ECD6F3E71}
	EndGlobalSection
EndGlobal
